Microsoft Visual Studio Solution File, Format Version 11.00
# Visual Studio 2008

Project("{2DC7C1E2-DE2C-EDC7-C2AF-A459D5029DE8}") = "38_Unity_Match3", "Assembly-CSharp.csproj", "{443E959A-C575-ECBC-926D-21016D5B6287}"
EndProject
Global
	GlobalSection(SolutionConfigurationPlatforms) = preSolution
		Debug|Any CPU = Debug|Any CPU
		Release|Any CPU = Release|Any CPU
	EndGlobalSection
	GlobalSection(ProjectConfigurationPlatforms) = postSolution
		{443E959A-C575-ECBC-926D-21016D5B6287}.Debug|Any CPU.ActiveCfg = Debug|Any CPU
		{443E959A-C575-ECBC-926D-21016D5B6287}.Debug|Any CPU.Build.0 = Debug|Any CPU
		{443E959A-C575-ECBC-926D-21016D5B6287}.Release|Any CPU.ActiveCfg = Release|Any CPU
		{443E959A-C575-ECBC-926D-21016D5B6287}.Release|Any CPU.Build.0 = Release|Any CPU
	EndGlobalSection
	GlobalSection(SolutionProperties) = preSolution
		HideSolutionNode = FALSE
	EndGlobalSection
	GlobalSection(MonoDevelopProperties) = preSolution
		StartupItem = Assembly-CSharp.csproj
	EndGlobalSection
EndGlobal
